PODS:
  - DZNEmptyDataSet (1.8.1)
  - LXFProtocolTool/LXFEmptyDataSetable (0.1.0):
    - DZNEmptyDataSet (~> 1.8.1)
  - LXFProtocolTool/LXFNibloadable (0.1.0)

DEPENDENCIES:
  - LXFProtocolTool/LXFEmptyDataSetable (from `../`)
  - LXFProtocolTool/LXFNibloadable (from `../`)

SPEC REPOS:
  https://github.com/CocoaPods/Specs.git:
    - DZNEmptyDataSet

EXTERNAL SOURCES:
  LXFProtocolTool:
    :path: "../"

SPEC CHECKSUMS:
  DZNEmptyDataSet: 9525833b9e68ac21c30253e1d3d7076cc828eaa7
  LXFProtocolTool: 2112dd0ca8619d83275cdc3827b7ae8fde4ae91b

PODFILE CHECKSUM: 8a7117c00ad959e4c7eee7188d0dbdcd35920192

COCOAPODS: 1.5.0
