PODS:
  - DZNEmptyDataSet (1.8.1)
  - LXFProtocolTool/AssociatedObjectStore (0.2.0)
  - LXFProtocolTool/Base (0.2.0)
  - LXFProtocolTool/EmptyDataSetable (0.2.0):
    - DZNEmptyDataSet (>= 1.8.1)
    - LXFProtocolTool/AssociatedObjectStore
    - LXFProtocolTool/Base
  - LXFProtocolTool/LXFNibloadable (0.2.0)
  - LXFProtocolTool/Refreshable (0.2.0):
    - LXFProtocolTool/AssociatedObjectStore
    - LXFProtocolTool/Base
    - MJRefresh
    - RxSwift (>= 4.0.0)
  - MJRefresh (3.1.15.3)
  - RxSwift (4.2.0)

DEPENDENCIES:
  - LXFProtocolTool/AssociatedObjectStore (from `../`)
  - LXFProtocolTool/EmptyDataSetable (from `../`)
  - LXFProtocolTool/LXFNibloadable (from `../`)
  - LXFProtocolTool/Refreshable (from `../`)

SPEC REPOS:
  https://github.com/CocoaPods/Specs.git:
    - DZNEmptyDataSet
    - MJRefresh
    - RxSwift

EXTERNAL SOURCES:
  LXFProtocolTool:
    :path: "../"

SPEC CHECKSUMS:
  DZNEmptyDataSet: 9525833b9e68ac21c30253e1d3d7076cc828eaa7
  LXFProtocolTool: 3434b90683c7d76c16664f7b971ecc0de88019ea
  MJRefresh: b48380ae2b927b46c4ef000de9adb8dc748e1df7
  RxSwift: 99e10317ddfcc7fbe01356aafd118fde4a0be104

PODFILE CHECKSUM: ffda91661f7274d966a300b7c5f23358f8b7012f

COCOAPODS: 1.5.0
