PODS:
  - DZNEmptyDataSet (1.8.1)
  - LXFProtocolTool/AssociatedObjectStore (0.2.1)
  - LXFProtocolTool/LXFEmptyDataSetable (0.2.1):
    - DZNEmptyDataSet (~> 1.8.1)
  - LXFProtocolTool/LXFNibloadable (0.2.1)

DEPENDENCIES:
  - LXFProtocolTool/AssociatedObjectStore (from `../`)
  - LXFProtocolTool/LXFEmptyDataSetable (from `../`)
  - LXFProtocolTool/LXFNibloadable (from `../`)

SPEC REPOS:
  https://github.com/CocoaPods/Specs.git:
    - DZNEmptyDataSet

EXTERNAL SOURCES:
  LXFProtocolTool:
    :path: "../"

SPEC CHECKSUMS:
  DZNEmptyDataSet: 9525833b9e68ac21c30253e1d3d7076cc828eaa7
  LXFProtocolTool: 9e77f1e9feac6f766f14f207dd627b171e1d01dd

PODFILE CHECKSUM: 15959e5a6e799bd09a05c32378219fc0d9744a05

COCOAPODS: 1.5.0
